
Microsoft Visual Studio Solution File, Format Version 12.00
# Visual Studio 15
VisualStudioVersion = 15.0.28010.2041
MinimumVisualStudioVersion = 10.0.40219.1
Project("{FAE04EC0-301F-11D3-BF4B-00C04F79EFBC}") = "CalculatorProgram", "CalculatorProgram\CalculatorProgram.csproj", "{264ED459-780B-4D37-BD8C-AFA52AB67F12}"
EndProject
Global
	GlobalSection(SolutionConfigurationPlatforms) = preSolution
		Debug|Any CPU = Debug|Any CPU
		Release|Any CPU = Release|Any CPU
	EndGlobalSection
	GlobalSection(ProjectConfigurationPlatforms) = postSolution
		{264ED459-780B-4D37-BD8C-AFA52AB67F12}.Debug|Any CPU.ActiveCfg = Debug|Any CPU
		{264ED459-780B-4D37-BD8C-AFA52AB67F12}.Debug|Any CPU.Build.0 = Debug|Any CPU
		{264ED459-780B-4D37-BD8C-AFA52AB67F12}.Release|Any CPU.ActiveCfg = Release|Any CPU
		{264ED459-780B-4D37-BD8C-AFA52AB67F12}.Release|Any CPU.Build.0 = Release|Any CPU
	EndGlobalSection
	GlobalSection(SolutionProperties) = preSolution
		HideSolutionNode = FALSE
	EndGlobalSection
	GlobalSection(ExtensibilityGlobals) = postSolution
		SolutionGuid = {D13E6D21-D366-4222-96E8-2294C2FC3D56}
	EndGlobalSection
EndGlobal
